github.com/hslam/buffer v0.0.0-20210926124055-86667d87033c h1:wxwQJEvKW1MuUxTtoxsZsDHxS9CObyx4Z0TjfTgLbrU=
github.com/hslam/buffer v0.0.0-20210926124055-86667d87033c/go.mod h1:Gvbj40hnzR54zoUOuDZqDi7aziar8UlkHXk6NVYLg2U=
github.com/hslam/code v1.0.2-0.20210610150014-db5f483caa02 h1:kFxF3z/LPJO6fWDgtEQzBhuX9R5jbCF2AsgO3+woLRo=
github.com/hslam/code v1.0.2-0.20210610150014-db5f483caa02/go.mod h1:XdrE1+PuRCUDrZogV+seq9n7dFU/gxpDM76ipEo/aUk=
github.com/hslam/funcs v1.0.2-0.20210604153148-47ed10e52aca h1:agQuI9i5OvGcmPr1tdFY+8orhYa18tI7/Y5VACHy5DU=
github.com/hslam/funcs v1.0.2-0.20210604153148-47ed10e52aca/go.mod h1:KyY5JoFH01sc4UpHKeGCmGTRdNoCQta0OM6JZ5lWMwU=
github.com/hslam/inproc v0.0.0-20210808071438-d2fc848886cb h1:ZotvpqsWEmJLYk0Doq1cbncoNar+21VYgabteGfwTcY=
github.com/hslam/inproc v0.0.0-20210808071438-d2fc848886cb/go.mod h1:UDfJZX2mkqDQFBK4P8oSuiM+PC08eis5Vvr0tvdhC3I=
github.com/hslam/log v1.0.2-0.20210609143505-fd0f374101ec h1:hH4UbQ/PhUDRWYFbSryFWov16j5Jqt6Vsbucy0CQNgw=
github.com/hslam/log v1.0.2-0.20210609143505-fd0f374101ec/go.mod h1:dqeIT0IEmfN+v5/ptoz6yYHzjqt5kAjtqV7nUXVeXBg=
github.com/hslam/mmap v1.0.0 h1:GSp55lZrPDhctob3yE0SqESBjzgCn9cP4iu4Pmmm+gE=
github.com/hslam/mmap v1.0.0/go.mod h1:mtuj54WoaupC65QteY9RubXVPkQT86Q/Xj0WPzRefFw=
github.com/hslam/netpoll v0.0.4-0.20210927191726-751e54478825 h1:fF0S/Q3s+RJzZo/SVwb+dkwRsj4wjk91tqP44t1FGBQ=
github.com/hslam/netpoll v0.0.4-0.20210927191726-751e54478825/go.mod h1:8xW7tG3xQ0N5f3PBjrgo/Erxyh+rfhZEG5Dqrfgl+k8=
github.com/hslam/scheduler v0.0.0-20210927190836-9047c221c014 h1:3KOzggOEvMsmkPbCRZ4GyeNGxW75Ew7GW4n/S1bOUlY=
github.com/hslam/scheduler v0.0.0-20210927190836-9047c221c014/go.mod h1:5Lu1StnE7hhW2QwdImTNFLdzIUhAUjO7SlLco+H5h9A=
github.com/hslam/sendfile v1.0.1 h1:0OLb5VRwjdN3q9hkslfk5nPQIrH5UmGTjSuJtV4Zq+8=
github.com/hslam/sendfile v1.0.1/go.mod h1:IVInXNh7ccvv6fdFkcC3gRGCH7E+fRsTlyBnftCAk5A=
github.com/hslam/socket v0.0.4-0.20211010212019-f09e0086b032 h1:KTTjteaHuCX7H83ydMK5RW76EDZ32nQDrefO0WIQlV0=
github.com/hslam/socket v0.0.4-0.20211010212019-f09e0086b032/go.mod h1:gmt2KOJdc8nF/V49ezh/YezX9RbUSI4aNul2kDPK0lU=
github.com/hslam/splice v1.0.3 h1:CwSmzu6AAm8sb2wYgSGvTwixy3seqA6xJ9NXQ0ff3j4=
github.com/hslam/splice v1.0.3/go.mod h1:7D1QlFptoG0ruXzcAwpzckKxUN4+ZpvrIhwfbcAQcx8=
github.com/hslam/stats v1.0.2-0.20210601134456-19f5dc799d62 h1:VLq9FaUA4URyOhjlRuv7fgZd/niT5Qni86vVFqJY0PM=
github.com/hslam/stats v1.0.2-0.20210601134456-19f5dc799d62/go.mod h1:Mk3c/vBiti7zxQFsvQVpg4BVL35bHxbgJooX+qEKyuQ=
github.com/hslam/websocket v0.1.1-0.20211010211828-9fc0011e7a6a h1:c+vAKpoRxficag9FT5iXI6sYDAWPgYXRpt0Ztn8sLJw=
github.com/hslam/websocket v0.1.1-0.20211010211828-9fc0011e7a6a/go.mod h1:PVenVqgdbbawTDzZbp3S5BkQfgAbh8TFuMt9F9xBCkM=
github.com/hslam/writer v1.0.1-0.20211010211515-7e0340a6cb91 h1:zBKOKz5j3TCNilI8eX6wrZsPsmZ2Lo91aTyfa+yi98Y=
github.com/hslam/writer v1.0.1-0.20211010211515-7e0340a6cb91/go.mod h1:s4A43dNjDZfFoRKu7nk46S4j4eXOOQOqjwHRy0aRsdc=
