github.com/hslam/buffer v0.0.0-20230217202846-e7b1b6ebf283 h1:HurKqAs9w/HX/Y+s/Ylt+64akEtYo1Kh2677c5v8628=
github.com/hslam/buffer v0.0.0-20230217202846-e7b1b6ebf283/go.mod h1:Gvbj40hnzR54zoUOuDZqDi7aziar8UlkHXk6NVYLg2U=
github.com/hslam/code v1.0.2-0.20210610150014-db5f483caa02 h1:kFxF3z/LPJO6fWDgtEQzBhuX9R5jbCF2AsgO3+woLRo=
github.com/hslam/code v1.0.2-0.20210610150014-db5f483caa02/go.mod h1:XdrE1+PuRCUDrZogV+seq9n7dFU/gxpDM76ipEo/aUk=
github.com/hslam/funcs v1.0.2-0.20220105101002-455c99d05c0a h1:WplvsbwDeli82n81YCHKKGi7/N3THNSoWl1fRpR/qsg=
github.com/hslam/funcs v1.0.2-0.20220105101002-455c99d05c0a/go.mod h1:KyY5JoFH01sc4UpHKeGCmGTRdNoCQta0OM6JZ5lWMwU=
github.com/hslam/inproc v0.0.0-20210912032833-46957e53529f h1:DqKW18/u99Qin79RDhjRPmqkw9ZvQjOl5tmUiJhBDlo=
github.com/hslam/inproc v0.0.0-20210912032833-46957e53529f/go.mod h1:UDfJZX2mkqDQFBK4P8oSuiM+PC08eis5Vvr0tvdhC3I=
github.com/hslam/log v1.0.3 h1:B5V1rcDQDDiFcXkw3FEVQ75cevy13EulWcifrNdLg/g=
github.com/hslam/log v1.0.3/go.mod h1:dqeIT0IEmfN+v5/ptoz6yYHzjqt5kAjtqV7nUXVeXBg=
github.com/hslam/mmap v1.0.0 h1:GSp55lZrPDhctob3yE0SqESBjzgCn9cP4iu4Pmmm+gE=
github.com/hslam/mmap v1.0.0/go.mod h1:mtuj54WoaupC65QteY9RubXVPkQT86Q/Xj0WPzRefFw=
github.com/hslam/netpoll v0.0.4-0.20230219164802-be4599214e92 h1:BhmxNdEv4AlcFUDPfUvztjRAHoe5+2ZdqR++GWRytwQ=
github.com/hslam/netpoll v0.0.4-0.20230219164802-be4599214e92/go.mod h1:AyEQGapo/Y2YJnpjR4K8GqxcdXjnjkvRLOKHhm9lUmg=
github.com/hslam/reuse v0.0.0-20230219162114-9a3f8d1f9550 h1:FJ2dXfgNhK0rLpj0q0DsWOWmP+5WaZprgjbz27k7a5E=
github.com/hslam/reuse v0.0.0-20230219162114-9a3f8d1f9550/go.mod h1:zrrCu2XS412Bqv9D2+VPvjMeOhn70cmHikky63L65XE=
github.com/hslam/scheduler v0.0.0-20211028175315-641598104976 h1:7xDxY7ffYQjS+eM6/7zSvvxrGowxHIwGWHM+drPp/XA=
github.com/hslam/scheduler v0.0.0-20211028175315-641598104976/go.mod h1:5Lu1StnE7hhW2QwdImTNFLdzIUhAUjO7SlLco+H5h9A=
github.com/hslam/sendfile v1.0.1 h1:0OLb5VRwjdN3q9hkslfk5nPQIrH5UmGTjSuJtV4Zq+8=
github.com/hslam/sendfile v1.0.1/go.mod h1:IVInXNh7ccvv6fdFkcC3gRGCH7E+fRsTlyBnftCAk5A=
github.com/hslam/socket v0.0.4-0.20230219170335-6e5f0a7ef461 h1:eszln/Sx4quj7U+E/4gRY/qgbIGDcVHa0eDjy/soFqs=
github.com/hslam/socket v0.0.4-0.20230219170335-6e5f0a7ef461/go.mod h1:T16BTN5Zy/FuK90HPAx5M+tkYvRBRPFHeFYXN7cIWpk=
github.com/hslam/splice v1.0.3 h1:CwSmzu6AAm8sb2wYgSGvTwixy3seqA6xJ9NXQ0ff3j4=
github.com/hslam/splice v1.0.3/go.mod h1:7D1QlFptoG0ruXzcAwpzckKxUN4+ZpvrIhwfbcAQcx8=
github.com/hslam/stats v1.0.2-0.20230219130312-c44cb45af00e h1:mE2CuyV5KxM8m5y5/5nj1gw32ujZLIP/17Z9MudcK1E=
github.com/hslam/stats v1.0.2-0.20230219130312-c44cb45af00e/go.mod h1:Mk3c/vBiti7zxQFsvQVpg4BVL35bHxbgJooX+qEKyuQ=
github.com/hslam/websocket v0.1.1-0.20230219165601-dea25cc01701 h1:vUusKwKXZJIETwQBcy3yhlzJ0AOvkVZf8RiGu5lE2QU=
github.com/hslam/websocket v0.1.1-0.20230219165601-dea25cc01701/go.mod h1:NL8wiX7yZrpig2K+SJ3AjC1n4+vIv7MQKoTyd/z5lD8=
github.com/hslam/writer v1.0.1-0.20230219134043-3ef1105e8b6a h1:2gSI8BiGZG2wHFXk6no7Udjvqb/hGP4C+XMKryHCqOk=
github.com/hslam/writer v1.0.1-0.20230219134043-3ef1105e8b6a/go.mod h1:w/e7kYkOHzzAvugoiMEtlL15d0sxpQnPNRYFnkl5UrQ=
