github.com/hslam/code v1.0.1 h1:xl/xAi5Xy68Qsoe0lvsobPeQ7RhBq+tCwbCl857VUrE=
github.com/hslam/code v1.0.1/go.mod h1:XdrE1+PuRCUDrZogV+seq9n7dFU/gxpDM76ipEo/aUk=
github.com/hslam/funcs v1.0.1 h1:dsPsAWVrDfLH1H4Kh7vtU/yrp21P6MmkGU4hVF1MfzY=
github.com/hslam/funcs v1.0.1/go.mod h1:KyY5JoFH01sc4UpHKeGCmGTRdNoCQta0OM6JZ5lWMwU=
github.com/hslam/log v1.0.1 h1:PA5C/EWHoSVpFPosquk2LTWygGPkMP5LADmpwvUOMtA=
github.com/hslam/log v1.0.1/go.mod h1:dqeIT0IEmfN+v5/ptoz6yYHzjqt5kAjtqV7nUXVeXBg=
github.com/hslam/mmap v1.0.0 h1:GSp55lZrPDhctob3yE0SqESBjzgCn9cP4iu4Pmmm+gE=
github.com/hslam/mmap v1.0.0/go.mod h1:mtuj54WoaupC65QteY9RubXVPkQT86Q/Xj0WPzRefFw=
github.com/hslam/netpoll v0.0.3 h1:qsikv5wKcKX+NHRw/Xrte+b6hBAEzo9ujH3pfmHp5j0=
github.com/hslam/netpoll v0.0.3/go.mod h1:xPuJqlcizT/pfGMlZ2RkBCQXiNhha1fVNMggh16wYOI=
github.com/hslam/sendfile v1.0.0 h1:kAOsxqvTyHseaUC7smR6uqpKQFFkuizhEtVITuluxn0=
github.com/hslam/sendfile v1.0.0/go.mod h1:IVInXNh7ccvv6fdFkcC3gRGCH7E+fRsTlyBnftCAk5A=
github.com/hslam/socket v0.0.3 h1:Fkbdz14ZMGxXsttX0pyZR3cFkli82mcuFkhnNnH2XC8=
github.com/hslam/socket v0.0.3/go.mod h1:KV9n6Qh2JdYIyHso05EWt9mRRmd0BVDwpxuS2JkIVAY=
github.com/hslam/splice v1.0.2 h1:DJ6/4xpnqEqVKv1L38wAvCGEibP53Jtrqzjr+lNewUc=
github.com/hslam/splice v1.0.2/go.mod h1:7D1QlFptoG0ruXzcAwpzckKxUN4+ZpvrIhwfbcAQcx8=
github.com/hslam/stats v1.0.1 h1:qXz2ZB3Sp60YuHFO8HQzeaZ1fR03/6cXyO+wkFmN0/0=
github.com/hslam/stats v1.0.1/go.mod h1:Mk3c/vBiti7zxQFsvQVpg4BVL35bHxbgJooX+qEKyuQ=
github.com/hslam/websocket v0.1.0 h1:/9+c1Vz8JgEbxjjG5w0LLYHTKs75CymePddewYUCBP4=
github.com/hslam/websocket v0.1.0/go.mod h1:xoT2ngru7DdKgoaX1As6SbclSReRLjhYeqNoBLiqEZo=
github.com/hslam/writer v1.0.0 h1:4utMtVZoH1QF+nzQBdiVj1Yl76VwrjfHN1PUd+dNHo0=
github.com/hslam/writer v1.0.0/go.mod h1:DJTidm2vEiuE6ZOOpqc/PnW6C9XipodkRPE/b2hxXA0=
